
Microsoft Visual Studio Solution File, Format Version 12.00
# Visual Studio Version 17
VisualStudioVersion = 17.11.35303.130
MinimumVisualStudioVersion = 10.0.40219.1
Project("{FAE04EC0-301F-11D3-BF4B-00C04F79EFBC}") = "ConsoleBackThen", "ConsoleBackThen\ConsoleBackThen.csproj", "{958BAB3B-5422-46B7-879A-CBB8E4A733B1}"
EndProject
Global
	GlobalSection(SolutionConfigurationPlatforms) = preSolution
		Debug|Any CPU = Debug|Any CPU
		Release|Any CPU = Release|Any CPU
	EndGlobalSection
	GlobalSection(ProjectConfigurationPlatforms) = postSolution
		{958BAB3B-5422-46B7-879A-CBB8E4A733B1}.Debug|Any CPU.ActiveCfg = Debug|Any CPU
		{958BAB3B-5422-46B7-879A-CBB8E4A733B1}.Debug|Any CPU.Build.0 = Debug|Any CPU
		{958BAB3B-5422-46B7-879A-CBB8E4A733B1}.Release|Any CPU.ActiveCfg = Release|Any CPU
		{958BAB3B-5422-46B7-879A-CBB8E4A733B1}.Release|Any CPU.Build.0 = Release|Any CPU
	EndGlobalSection
	GlobalSection(SolutionProperties) = preSolution
		HideSolutionNode = FALSE
	EndGlobalSection
	GlobalSection(ExtensibilityGlobals) = postSolution
		SolutionGuid = {AE5BAA24-E400-4612-8123-36C3731C8CAA}
	EndGlobalSection
EndGlobal
